
Microsoft Visual Studio Solution File, Format Version 12.00
# Visual Studio 14
VisualStudioVersion = 14.0.25420.1
MinimumVisualStudioVersion = 10.0.40219.1
Project("{2150E333-8FDC-42A3-9474-1A3956D46DE8}") = "solution", "solution", "{7C1EA835-CAC6-4836-8554-E631FDED6563}"
	ProjectSection(SolutionItems) = preProject
		appveyor.yml = appveyor.yml
		Build.ps1 = Build.ps1
		global.json = global.json
		readme.md = readme.md
	EndProjectSection
EndProject
Project("{2150E333-8FDC-42A3-9474-1A3956D46DE8}") = "src", "src", "{4923F4FA-8DE0-4706-8123-6E92D6C53475}"
EndProject
Project("{2150E333-8FDC-42A3-9474-1A3956D46DE8}") = "test", "test", "{3B1087D8-BC35-41AA-B663-C3B8D80663CA}"
EndProject
Project("{8BB2217D-0F2D-49D1-97BC-3654ED321F3B}") = "Blackstar", "src\Blackstar\Blackstar.xproj", "{35666B95-47AD-443C-ADAB-B6F96BBC6527}"
EndProject
Project("{8BB2217D-0F2D-49D1-97BC-3654ED321F3B}") = "Blackstar.Tests", "test\Blackstar.Tests\Blackstar.Tests.xproj", "{16949AC6-D552-4C8A-BE67-5FF2A7465D44}"
EndProject
Global
	GlobalSection(SolutionConfigurationPlatforms) = preSolution
		Debug|Any CPU = Debug|Any CPU
		Release|Any CPU = Release|Any CPU
	EndGlobalSection
	GlobalSection(ProjectConfigurationPlatforms) = postSolution
		{35666B95-47AD-443C-ADAB-B6F96BBC6527}.Debug|Any CPU.ActiveCfg = Debug|Any CPU
		{35666B95-47AD-443C-ADAB-B6F96BBC6527}.Debug|Any CPU.Build.0 = Debug|Any CPU
		{35666B95-47AD-443C-ADAB-B6F96BBC6527}.Release|Any CPU.ActiveCfg = Release|Any CPU
		{35666B95-47AD-443C-ADAB-B6F96BBC6527}.Release|Any CPU.Build.0 = Release|Any CPU
		{16949AC6-D552-4C8A-BE67-5FF2A7465D44}.Debug|Any CPU.ActiveCfg = Debug|Any CPU
		{16949AC6-D552-4C8A-BE67-5FF2A7465D44}.Debug|Any CPU.Build.0 = Debug|Any CPU
		{16949AC6-D552-4C8A-BE67-5FF2A7465D44}.Release|Any CPU.ActiveCfg = Release|Any CPU
		{16949AC6-D552-4C8A-BE67-5FF2A7465D44}.Release|Any CPU.Build.0 = Release|Any CPU
	EndGlobalSection
	GlobalSection(SolutionProperties) = preSolution
		HideSolutionNode = FALSE
	EndGlobalSection
	GlobalSection(NestedProjects) = preSolution
		{35666B95-47AD-443C-ADAB-B6F96BBC6527} = {4923F4FA-8DE0-4706-8123-6E92D6C53475}
		{16949AC6-D552-4C8A-BE67-5FF2A7465D44} = {3B1087D8-BC35-41AA-B663-C3B8D80663CA}
	EndGlobalSection
EndGlobal
